Microsoft Visual Studio Solution File, Format Version 12.00
# Visual Studio Version 17
VisualStudioVersion = 17.5.2.0
MinimumVisualStudioVersion = 10.0.40219.1
Project("{FAE04EC0-301F-11D3-BF4B-00C04F79EFBC}") = "SettleMate.Web", "SettleMate.Web\SettleMate.Web.csproj", "{6E25DA4C-838B-3772-3E71-C10D33612EF5}"
EndProject
Global
	GlobalSection(SolutionConfigurationPlatforms) = preSolution
		Debug|Any CPU = Debug|Any CPU
		Release|Any CPU = Release|Any CPU
	EndGlobalSection
	GlobalSection(ProjectConfigurationPlatforms) = postSolution
		{6E25DA4C-838B-3772-3E71-C10D33612EF5}.Debug|Any CPU.ActiveCfg = Debug|Any CPU
		{6E25DA4C-838B-3772-3E71-C10D33612EF5}.Debug|Any CPU.Build.0 = Debug|Any CPU
		{6E25DA4C-838B-3772-3E71-C10D33612EF5}.Release|Any CPU.ActiveCfg = Release|Any CPU
		{6E25DA4C-838B-3772-3E71-C10D33612EF5}.Release|Any CPU.Build.0 = Release|Any CPU
	EndGlobalSection
	GlobalSection(SolutionProperties) = preSolution
		HideSolutionNode = FALSE
	EndGlobalSection
	GlobalSection(ExtensibilityGlobals) = postSolution
		SolutionGuid = {EAF809CD-F32A-481C-9530-EF06A5D17D71}
	EndGlobalSection
EndGlobal
